
Microsoft Visual Studio Solution File, Format Version 12.00
# Visual Studio Version 17
VisualStudioVersion = 17.11.35431.28
MinimumVisualStudioVersion = 10.0.40219.1
Project("{888888A0-9F3D-457C-B088-3A5042F75D52}") = "FlaskWebProject1", "FlaskWebProject1.pyproj", "{ED5BA6A6-24ED-4D5B-B507-7D34DD1773CC}"
EndProject
Global
	GlobalSection(SolutionConfigurationPlatforms) = preSolution
		Debug|Any CPU = Debug|Any CPU
		Release|Any CPU = Release|Any CPU
	EndGlobalSection
	GlobalSection(ProjectConfigurationPlatforms) = postSolution
		{ED5BA6A6-24ED-4D5B-B507-7D34DD1773CC}.Debug|Any CPU.ActiveCfg = Debug|Any CPU
		{ED5BA6A6-24ED-4D5B-B507-7D34DD1773CC}.Debug|Any CPU.Build.0 = Debug|Any CPU
		{ED5BA6A6-24ED-4D5B-B507-7D34DD1773CC}.Release|Any CPU.ActiveCfg = Release|Any CPU
		{ED5BA6A6-24ED-4D5B-B507-7D34DD1773CC}.Release|Any CPU.Build.0 = Release|Any CPU
	EndGlobalSection
	GlobalSection(SolutionProperties) = preSolution
		HideSolutionNode = FALSE
	EndGlobalSection
	GlobalSection(ExtensibilityGlobals) = postSolution
		SolutionGuid = {C7F880B6-226D-4246-8424-3F5AAC3DB152}
	EndGlobalSection
EndGlobal
